PODS:
  - BarrageRenderer (0.0.1)
  - MLEmojiLabel (1.0.0):
    - TTTAttributedLabel (~> 1.13.4)
  - TTTAttributedLabel (1.13.4)

DEPENDENCIES:
  - BarrageRenderer (from `../`)
  - MLEmojiLabel (= 1.0.0)

EXTERNAL SOURCES:
  BarrageRenderer:
    :path: "../"

SPEC CHECKSUMS:
  BarrageRenderer: 1c4204aa4242ec066e5e65191e504356570f94d1
  MLEmojiLabel: ceeab17d10d296cc00636bf201c8da597fdede10
  TTTAttributedLabel: 0a2ac7b2dd726d32a070dafb01446026b11e624f

PODFILE CHECKSUM: 9bebe8813be94f9335fd7caaefa5b9a1678be6c3

COCOAPODS: 1.2.1
